{
  "name": "chargebee-youtube-shorts",
  "version": "1.0.0",
  "lockfileVersion": 2,
  "requires": true,
  "packages": {
    "": {
      "name": "chargebee-youtube-shorts",
      "version": "1.0.0",
      "dependencies": {
        "express": "^4.18.2",
        "cors": "^2.8.5",
        "uuid": "^9.0.0"
      }
    },
    "node_modules/accept-language-parser": {
      "version": "1.5.0",
      "resolved": "https://registry.npmjs.org/accept-language-parser/-/accept-language-parser-1.5.0.tgz",
      "integrity": "sha512-DL2V8V0RyOvJMVwpLhDHi4LTMOgwCWIVPg0HqDsXCHqFADgHlXpfS7s2b3CPo5lAb4v3xwVzTu1t+dSaB6MkA=="
    },
    "node_modules/array-flatten": {
      "version": "1.1.1",
      "resolved": "https://registry.npmjs.org/array-flatten/-/array-flatten-1.1.1.tgz",
      "integrity": "sha512-PCVAQswWEqRM3jjYqCKjK87f3mV+5DGVT6K8NgykSww9vftRaWScoZaYGQaymkaQvVXf00DB3IGr+2T2G9dxNA=="
    },
    "node_modules/cors": {
      "version": "2.8.5",
      "resolved": "https://registry.npmjs.org/cors/-/cors-2.8.5.tgz",
      "integrity": "sha512-KIHbLJqu73RGr/sSuWmfIL+7/ow6thjDgZLmG3z6eUvEMvdMIDFbUi2cKOcTvJpdn/mHWmD6a7nDko5NlxiFrA==",
      "dependencies": {
        "object-assign": "^4",
        "vary": "^1"
      },
      "engines": {
        "node": ">= 0.10"
      }
    },
    "node_modules/express": {
      "version": "4.18.2",
      "resolved": "https://registry.npmjs.org/express/-/express-4.18.2.tgz",
      "integrity": "sha512-5/PsL6iGPdfQ/lKM1UuYUu0shAbCJ/2BmMVLJ+JMrSuK+S0E12B1IQaAQWQcd2+a9jTYtvejTs2BmVa9gLnTsQ==",
      "dependencies": {
        "accept-language-parser": "~1.5.0",
        "array-flatten": "1.1.1",
        "body-parser": "1.20.1",
        "content-disposition": "0.5.4",
        "content-type": "~1.0.4",
        "cookie": "0.5.0",
        "cookie-signature": "1.0.6",
        "debug": "4.3.4",
        "depd": "2.0.0",
        "encodeurl": "~1.0.2",
        "escape-html": "~1.0.3",
        "etag": "~1.8.1",
        "finalhandler": "1.2.0",
        "fresh": "0.5.2",
        "http-errors": "2.0.0",
        "merge-descriptors": "1.0.1",
        "methods": "~1.1.2",
        "on-finished": "2.4.1",
        "parseurl": "~1.3.3",
        "path-to-regexp": "0.1.7",
        "proxy-addr": "~2.0.7",
        "qs": "6.11.0",
        "range-parser": "~1.2.1",
        "safe-buffer": "5.2.1",
        "send": "0.18.0",
        "serve-static": "1.15.0",
        "setprototypeof": "1.2.0",
        "statuses": "2.0.1",
        "type-is": "~1.6.18",
        "utils-merge": "1.0.1",
        "vary": "~1.1.2"
      },
      "engines": {
        "node": ">= 0.10.0"
      }
    },
    "node_modules/uuid": {
      "version": "9.0.0",
      "resolved": "https://registry.npmjs.org/uuid/-/uuid-9.0.0.tgz",
      "integrity": "sha512-MXcSTerfEa7BlIAZH72HyVZasr9lK1evdbaonnSGt3MhccI+5DH8OCTmQv8K5iE4sPCHGI7QYSRDsbdJFNpmNQ==",
      "bin": {
        "uuid": "dist/bin/uuid"
      }
    }
  }
}
